
Microsoft Visual Studio Solution File, Format Version 12.00
# Visual Studio 15
VisualStudioVersion = 15.0.26430.6
MinimumVisualStudioVersion = 10.0.40219.1
Project("{FAE04EC0-301F-11D3-BF4B-00C04F79EFBC}") = "ProfileService", "ProfileService\ProfileService.csproj", "{0089C1B0-857C-4B8D-B257-A80B1D7466B0}"
EndProject
Project("{9A19103F-16F7-4668-BE54-9A1E7A4F7556}") = "Vacation.common", "..\Vacation.common\Vacation.common.csproj", "{E1815048-241D-4817-B6D3-2ED08ADBB9A7}"
EndProject
Global
	GlobalSection(SolutionConfigurationPlatforms) = preSolution
		Debug|Any CPU = Debug|Any CPU
		Release|Any CPU = Release|Any CPU
	EndGlobalSection
	GlobalSection(ProjectConfigurationPlatforms) = postSolution
		{0089C1B0-857C-4B8D-B257-A80B1D7466B0}.Debug|Any CPU.ActiveCfg = Debug|Any CPU
		{0089C1B0-857C-4B8D-B257-A80B1D7466B0}.Debug|Any CPU.Build.0 = Debug|Any CPU
		{0089C1B0-857C-4B8D-B257-A80B1D7466B0}.Release|Any CPU.ActiveCfg = Release|Any CPU
		{0089C1B0-857C-4B8D-B257-A80B1D7466B0}.Release|Any CPU.Build.0 = Release|Any CPU
		{E1815048-241D-4817-B6D3-2ED08ADBB9A7}.Debug|Any CPU.ActiveCfg = Debug|Any CPU
		{E1815048-241D-4817-B6D3-2ED08ADBB9A7}.Debug|Any CPU.Build.0 = Debug|Any CPU
		{E1815048-241D-4817-B6D3-2ED08ADBB9A7}.Release|Any CPU.ActiveCfg = Release|Any CPU
		{E1815048-241D-4817-B6D3-2ED08ADBB9A7}.Release|Any CPU.Build.0 = Release|Any CPU
	EndGlobalSection
	GlobalSection(SolutionProperties) = preSolution
		HideSolutionNode = FALSE
	EndGlobalSection
EndGlobal
